{
  "name": "Northstar",
  "lockfileVersion": 3,
  "requires": true,
  "packages": {
    "": {
      "dependencies": {
        "@onkernel/sdk": "^0.52.0",
        "@tzafon/lightcone": "^0.14.0"
      }
    },
    "node_modules/@onkernel/sdk": {
      "version": "0.52.0",
      "resolved": "https://registry.npmjs.org/@onkernel/sdk/-/sdk-0.52.0.tgz",
      "integrity": "sha512-IX7ICVVhKLvCUIFO1/64nkhNMo55UYfFAGCoE9c0EjTwa3HuJR5LK7/364jmuUoRHQW3/Lq/qEsFjsqRTBg4ew==",
      "license": "Apache-2.0"
    },
    "node_modules/@tzafon/lightcone": {
      "version": "0.14.0",
      "resolved": "https://registry.npmjs.org/@tzafon/lightcone/-/lightcone-0.14.0.tgz",
      "integrity": "sha512-/IUx28RkYhghtRNkHK/Yuvbk03u+uaYU+DjqDcPSVwrjFVHzONBWGKj2DZkqle/MBgGkerrVNNAe8u+KPRlK3g==",
      "license": "Apache-2.0"
    }
  }
}
